
Microsoft Visual Studio Solution File, Format Version 12.00
# Visual Studio Version 17
VisualStudioVersion = 17.3.32819.101
MinimumVisualStudioVersion = 10.0.40219.1
Project("{FAE04EC0-301F-11D3-BF4B-00C04F79EFBC}") = "Exercise8", "Exercise8\Exercise8.csproj", "{5AFBA907-4B6B-4A65-B04A-64A40DF18419}"
EndProject
Global
	GlobalSection(SolutionConfigurationPlatforms) = preSolution
		Debug|Any CPU = Debug|Any CPU
		Release|Any CPU = Release|Any CPU
	EndGlobalSection
	GlobalSection(ProjectConfigurationPlatforms) = postSolution
		{5AFBA907-4B6B-4A65-B04A-64A40DF18419}.Debug|Any CPU.ActiveCfg = Debug|Any CPU
		{5AFBA907-4B6B-4A65-B04A-64A40DF18419}.Debug|Any CPU.Build.0 = Debug|Any CPU
		{5AFBA907-4B6B-4A65-B04A-64A40DF18419}.Release|Any CPU.ActiveCfg = Release|Any CPU
		{5AFBA907-4B6B-4A65-B04A-64A40DF18419}.Release|Any CPU.Build.0 = Release|Any CPU
	EndGlobalSection
	GlobalSection(SolutionProperties) = preSolution
		HideSolutionNode = FALSE
	EndGlobalSection
	GlobalSection(ExtensibilityGlobals) = postSolution
		SolutionGuid = {8C1A9F78-3CB6-4B89-9A43-DF87E3148856}
	EndGlobalSection
EndGlobal
